
Microsoft Visual Studio Solution File, Format Version 12.00
# Visual Studio 14
VisualStudioVersion = 14.0.25420.1
MinimumVisualStudioVersion = 10.0.40219.1
Project("{E24C65DC-7377-472B-9ABA-BC803B73C61A}") = "WebSite-master", "..\..\..\..\Downloads\test-master\test-master\WebSite-master\WebSite-master\", "{5137AE83-D51B-4682-90C2-7FBA008B1A92}"
	ProjectSection(WebsiteProperties) = preProject
		TargetFrameworkMoniker = ".NETFramework,Version%3Dv4.5"
		Debug.AspNetCompiler.VirtualPath = "/localhost_53158"
		Debug.AspNetCompiler.PhysicalPath = "..\..\..\..\Downloads\test-master\test-master\WebSite-master\WebSite-master\"
		Debug.AspNetCompiler.TargetPath = "PrecompiledWeb\localhost_53158\"
		Debug.AspNetCompiler.Updateable = "true"
		Debug.AspNetCompiler.ForceOverwrite = "true"
		Debug.AspNetCompiler.FixedNames = "false"
		Debug.AspNetCompiler.Debug = "True"
		Release.AspNetCompiler.VirtualPath = "/localhost_53158"
		Release.AspNetCompiler.PhysicalPath = "..\..\..\..\Downloads\test-master\test-master\WebSite-master\WebSite-master\"
		Release.AspNetCompiler.TargetPath = "PrecompiledWeb\localhost_53158\"
		Release.AspNetCompiler.Updateable = "true"
		Release.AspNetCompiler.ForceOverwrite = "true"
		Release.AspNetCompiler.FixedNames = "false"
		Release.AspNetCompiler.Debug = "False"
		VWDPort = "53158"
	EndProjectSection
EndProject
Global
	GlobalSection(SolutionConfigurationPlatforms) = preSolution
		Debug|Any CPU = Debug|Any CPU
	EndGlobalSection
	GlobalSection(ProjectConfigurationPlatforms) = postSolution
		{5137AE83-D51B-4682-90C2-7FBA008B1A92}.Debug|Any CPU.ActiveCfg = Debug|Any CPU
		{5137AE83-D51B-4682-90C2-7FBA008B1A92}.Debug|Any CPU.Build.0 = Debug|Any CPU
	EndGlobalSection
	GlobalSection(SolutionProperties) = preSolution
		HideSolutionNode = FALSE
	EndGlobalSection
EndGlobal
